
Microsoft Visual Studio Solution File, Format Version 11.00
# Visual Studio 2010
Project("{FAE04EC0-301F-11D3-BF4B-00C04F79EFBC}") = "AndromedaVR", "Assembly-CSharp-firstpass.csproj", "{2AD0D299-79EC-88E3-A02F-9BF0DC826C04}"
EndProject
Project("{FAE04EC0-301F-11D3-BF4B-00C04F79EFBC}") = "AndromedaVR", "Assembly-CSharp.csproj", "{6D7273BC-205E-6FD3-185F-EECA7F205715}"
EndProject
Project("{FAE04EC0-301F-11D3-BF4B-00C04F79EFBC}") = "AndromedaVR", "Assembly-CSharp-Editor.csproj", "{035F8630-41C9-EB96-858E-55857F83304E}"
EndProject
Project("{FBD931F7-DF3E-4951-8505-C2BB5DE2240B}") = "AndromedaVR", "Assembly-UnityScript-firstpass.unityproj", "{878F07FE-B327-08E9-3378-0988B1B74F09}"
EndProject
Global
	GlobalSection(SolutionConfigurationPlatforms) = preSolution
		Debug|Any CPU = Debug|Any CPU
		Release|Any CPU = Release|Any CPU
	EndGlobalSection
	GlobalSection(ProjectConfigurationPlatforms) = postSolution
		{2AD0D299-79EC-88E3-A02F-9BF0DC826C04}.Debug|Any CPU.ActiveCfg = Debug|Any CPU
		{2AD0D299-79EC-88E3-A02F-9BF0DC826C04}.Debug|Any CPU.Build.0 = Debug|Any CPU
		{2AD0D299-79EC-88E3-A02F-9BF0DC826C04}.Release|Any CPU.ActiveCfg = Release|Any CPU
		{2AD0D299-79EC-88E3-A02F-9BF0DC826C04}.Release|Any CPU.Build.0 = Release|Any CPU
		{6D7273BC-205E-6FD3-185F-EECA7F205715}.Debug|Any CPU.ActiveCfg = Debug|Any CPU
		{6D7273BC-205E-6FD3-185F-EECA7F205715}.Debug|Any CPU.Build.0 = Debug|Any CPU
		{6D7273BC-205E-6FD3-185F-EECA7F205715}.Release|Any CPU.ActiveCfg = Release|Any CPU
		{6D7273BC-205E-6FD3-185F-EECA7F205715}.Release|Any CPU.Build.0 = Release|Any CPU
		{035F8630-41C9-EB96-858E-55857F83304E}.Debug|Any CPU.ActiveCfg = Debug|Any CPU
		{035F8630-41C9-EB96-858E-55857F83304E}.Debug|Any CPU.Build.0 = Debug|Any CPU
		{035F8630-41C9-EB96-858E-55857F83304E}.Release|Any CPU.ActiveCfg = Release|Any CPU
		{035F8630-41C9-EB96-858E-55857F83304E}.Release|Any CPU.Build.0 = Release|Any CPU
		{878F07FE-B327-08E9-3378-0988B1B74F09}.Debug|Any CPU.ActiveCfg = Debug|Any CPU
		{878F07FE-B327-08E9-3378-0988B1B74F09}.Debug|Any CPU.Build.0 = Debug|Any CPU
		{878F07FE-B327-08E9-3378-0988B1B74F09}.Release|Any CPU.ActiveCfg = Release|Any CPU
		{878F07FE-B327-08E9-3378-0988B1B74F09}.Release|Any CPU.Build.0 = Release|Any CPU
	EndGlobalSection
	GlobalSection(SolutionProperties) = preSolution
		HideSolutionNode = FALSE
	EndGlobalSection
	GlobalSection(MonoDevelopProperties) = preSolution
		StartupItem = Assembly-CSharp.csproj
	EndGlobalSection
EndGlobal
