
Microsoft Visual Studio Solution File, Format Version 11.00
# Visual Studio 2010
Project("{FAE04EC0-301F-11D3-BF4B-00C04F79EFBC}") = "AndromedaVR2.0", "Assembly-CSharp-firstpass.csproj", "{EE822AC9-CBBC-B6C0-A581-B269C569E409}"
EndProject
Project("{FAE04EC0-301F-11D3-BF4B-00C04F79EFBC}") = "AndromedaVR2.0", "Assembly-CSharp.csproj", "{D03F1846-966D-4538-C605-B8727220655D}"
EndProject
Project("{3356B211-D6C6-B309-FCD0-BB96508E3B89}") = "AndromedaVR2.0", "Assembly-UnityScript-firstpass.unityproj", "{47E60867-C639-CF95-19B5-0C6E68FB259C}"
EndProject
Global
	GlobalSection(SolutionConfigurationPlatforms) = preSolution
		Debug|Any CPU = Debug|Any CPU
		Release|Any CPU = Release|Any CPU
	EndGlobalSection
	GlobalSection(ProjectConfigurationPlatforms) = postSolution
		{EE822AC9-CBBC-B6C0-A581-B269C569E409}.Debug|Any CPU.ActiveCfg = Debug|Any CPU
		{EE822AC9-CBBC-B6C0-A581-B269C569E409}.Debug|Any CPU.Build.0 = Debug|Any CPU
		{EE822AC9-CBBC-B6C0-A581-B269C569E409}.Release|Any CPU.ActiveCfg = Release|Any CPU
		{EE822AC9-CBBC-B6C0-A581-B269C569E409}.Release|Any CPU.Build.0 = Release|Any CPU
		{D03F1846-966D-4538-C605-B8727220655D}.Debug|Any CPU.ActiveCfg = Debug|Any CPU
		{D03F1846-966D-4538-C605-B8727220655D}.Debug|Any CPU.Build.0 = Debug|Any CPU
		{D03F1846-966D-4538-C605-B8727220655D}.Release|Any CPU.ActiveCfg = Release|Any CPU
		{D03F1846-966D-4538-C605-B8727220655D}.Release|Any CPU.Build.0 = Release|Any CPU
		{47E60867-C639-CF95-19B5-0C6E68FB259C}.Debug|Any CPU.ActiveCfg = Debug|Any CPU
		{47E60867-C639-CF95-19B5-0C6E68FB259C}.Debug|Any CPU.Build.0 = Debug|Any CPU
		{47E60867-C639-CF95-19B5-0C6E68FB259C}.Release|Any CPU.ActiveCfg = Release|Any CPU
		{47E60867-C639-CF95-19B5-0C6E68FB259C}.Release|Any CPU.Build.0 = Release|Any CPU
	EndGlobalSection
	GlobalSection(SolutionProperties) = preSolution
		HideSolutionNode = FALSE
	EndGlobalSection
	GlobalSection(MonoDevelopProperties) = preSolution
		StartupItem = Assembly-CSharp.csproj
	EndGlobalSection
EndGlobal
